// !$*UTF8*$!
{
	archiveVersion = 1;
	classes = {
	};
	objectVersion = 50;
	objects = {

/* Begin PBXBuildFile section */
		8390CFE721E6B6690014F5A0 /* AppDelegate.swift in Sources */ = {isa = PBXBuildFile; fileRef = 8390CFE621E6B6690014F5A0 /* AppDelegate.swift */; };
		8390CFE921E6B6690014F5A0 /* ViewController.swift in Sources */ = {isa = PBXBuildFile; fileRef = 8390CFE821E6B6690014F5A0 /* ViewController.swift */; };
		8390CFEC21E6B6690014F5A0 /* Main.storyboard in Resources */ = {isa = PBXBuildFile; fileRef = 8390CFEA21E6B6690014F5A0 /* Main.storyboard */; };
		8390CFEE21E6B66A0014F5A0 /* Assets.xcassets in Resources */ = {isa = PBXBuildFile; fileRef = 8390CFED21E6B66A0014F5A0 /* Assets.xcassets */; };
		8390CFF121E6B66A0014F5A0 /* LaunchScreen.storyboard in Resources */ = {isa = PBXBuildFile; fileRef = 8390CFEF21E6B66A0014F5A0 /* LaunchScreen.storyboard */; };
		8390CFFC21E6B66B0014F5A0 /* tip_calculatorTests.swift in Sources */ = {isa = PBXBuildFile; fileRef = 8390CFFB21E6B66B0014F5A0 /* tip_calculatorTests.swift */; };
		8390D00721E6B66B0014F5A0 /* tip_calculatorUITests.swift in Sources */ = {isa = PBXBuildFile; fileRef = 8390D00621E6B66B0014F5A0 /* tip_calculatorUITests.swift */; };
		8390D05621E7DD650014F5A0 /* Heebo-Thin.ttf in Resources */ = {isa = PBXBuildFile; fileRef = 8390D04F21E7DD630014F5A0 /* Heebo-Thin.ttf */; };
		8390D05721E7DD650014F5A0 /* Heebo-Medium.ttf in Resources */ = {isa = PBXBuildFile; fileRef = 8390D05021E7DD630014F5A0 /* Heebo-Medium.ttf */; };
		8390D05821E7DD650014F5A0 /* Heebo-ExtraBold.ttf in Resources */ = {isa = PBXBuildFile; fileRef = 8390D05121E7DD630014F5A0 /* Heebo-ExtraBold.ttf */; };
		8390D05921E7DD650014F5A0 /* Heebo-Light.ttf in Resources */ = {isa = PBXBuildFile; fileRef = 8390D05221E7DD640014F5A0 /* Heebo-Light.ttf */; };
		8390D05A21E7DD650014F5A0 /* Heebo-Bold.ttf in Resources */ = {isa = PBXBuildFile; fileRef = 8390D05321E7DD640014F5A0 /* Heebo-Bold.ttf */; };
		8390D05B21E7DD650014F5A0 /* Heebo-Regular.ttf in Resources */ = {isa = PBXBuildFile; fileRef = 8390D05421E7DD640014F5A0 /* Heebo-Regular.ttf */; };
		8390D05C21E7DD650014F5A0 /* Heebo-Black.ttf in Resources */ = {isa = PBXBuildFile; fileRef = 8390D05521E7DD640014F5A0 /* Heebo-Black.ttf */; };
		8390D06121E81EF40014F5A0 /* ABOVE.ttf in Resources */ = {isa = PBXBuildFile; fileRef = 8390D06021E81EF40014F5A0 /* ABOVE.ttf */; };
		8390D06321E8203B0014F5A0 /* Quite Magical - TTF.ttf in Resources */ = {isa = PBXBuildFile; fileRef = 8390D06221E8203B0014F5A0 /* Quite Magical - TTF.ttf */; };
		8390D06521E822D50014F5A0 /* settingsViewController.swift in Sources */ = {isa = PBXBuildFile; fileRef = 8390D06421E822D50014F5A0 /* settingsViewController.swift */; };
		83ACAB5C21E83356004A915C /* global.swift in Sources */ = {isa = PBXBuildFile; fileRef = 83ACAB5B21E83356004A915C /* global.swift */; };
/* End PBXBuildFile section */

/* Begin PBXContainerItemProxy section */
		8390CFF821E6B66B0014F5A0 /* PBXContainerItemProxy */ = {
			isa = PBXContainerItemProxy;
			containerPortal = 8390CFDB21E6B6690014F5A0 /* Project object */;
			proxyType = 1;
			remoteGlobalIDString = 8390CFE221E6B6690014F5A0;
			remoteInfo = "tip calculator";
		};
		8390D00321E6B66B0014F5A0 /* PBXContainerItemProxy */ = {
			isa = PBXContainerItemProxy;
			containerPortal = 8390CFDB21E6B6690014F5A0 /* Project object */;
			proxyType = 1;
			remoteGlobalIDString = 8390CFE221E6B6690014F5A0;
			remoteInfo = "tip calculator";
		};
/* End PBXContainerItemProxy section */

/* Begin PBXFileReference section */
		8390CFE321E6B6690014F5A0 /* tip calculator.app */ = {isa = PBXFileReference; explicitFileType = wrapper.application; includeInIndex = 0; path = "tip calculator.app"; sourceTree = BUILT_PRODUCTS_DIR; };
		8390CFE621E6B6690014F5A0 /* AppDelegate.swift */ = {isa = PBXFileReference; lastKnownFileType = sourcecode.swift; path = AppDelegate.swift; sourceTree = "<group>"; };
		8390CFE821E6B6690014F5A0 /* ViewController.swift */ = {isa = PBXFileReference; lastKnownFileType = sourcecode.swift; path = ViewController.swift; sourceTree = "<group>"; };
		8390CFEB21E6B6690014F5A0 /* Base */ = {isa = PBXFileReference; lastKnownFileType = file.storyboard; name = Base; path = Base.lproj/Main.storyboard; sourceTree = "<group>"; };
		8390CFED21E6B66A0014F5A0 /* Assets.xcassets */ = {isa = PBXFileReference; lastKnownFileType = folder.assetcatalog; path = Assets.xcassets; sourceTree = "<group>"; };
		8390CFF021E6B66A0014F5A0 /* Base */ = {isa = PBXFileReference; lastKnownFileType = file.storyboard; name = Base; path = Base.lproj/LaunchScreen.storyboard; sourceTree = "<group>"; };
		8390CFF221E6B66A0014F5A0 /* Info.plist */ = {isa = PBXFileReference; lastKnownFileType = text.plist.xml; path = Info.plist; sourceTree = "<group>"; };
		8390CFF721E6B66B0014F5A0 /* tip calculatorTests.xctest */ = {isa = PBXFileReference; explicitFileType = wrapper.cfbundle; includeInIndex = 0; path = "tip calculatorTests.xctest"; sourceTree = BUILT_PRODUCTS_DIR; };
		8390CFFB21E6B66B0014F5A0 /* tip_calculatorTests.swift */ = {isa = PBXFileReference; lastKnownFileType = sourcecode.swift; path = tip_calculatorTests.swift; sourceTree = "<group>"; };
		8390CFFD21E6B66B0014F5A0 /* Info.plist */ = {isa = PBXFileReference; lastKnownFileType = text.plist.xml; path = Info.plist; sourceTree = "<group>"; };
		8390D00221E6B66B0014F5A0 /* tip calculatorUITests.xctest */ = {isa = PBXFileReference; explicitFileType = wrapper.cfbundle; includeInIndex = 0; path = "tip calculatorUITests.xctest"; sourceTree = BUILT_PRODUCTS_DIR; };
		8390D00621E6B66B0014F5A0 /* tip_calculatorUITests.swift */ = {isa = PBXFileReference; lastKnownFileType = sourcecode.swift; path = tip_calculatorUITests.swift; sourceTree = "<group>"; };
		8390D00821E6B66B0014F5A0 /* Info.plist */ = {isa = PBXFileReference; lastKnownFileType = text.plist.xml; path = Info.plist; sourceTree = "<group>"; };
		8390D04F21E7DD630014F5A0 /* Heebo-Thin.ttf */ = {isa = PBXFileReference; lastKnownFileType = file; path = "Heebo-Thin.ttf"; sourceTree = "<group>"; };
		8390D05021E7DD630014F5A0 /* Heebo-Medium.ttf */ = {isa = PBXFileReference; lastKnownFileType = file; path = "Heebo-Medium.ttf"; sourceTree = "<group>"; };
		8390D05121E7DD630014F5A0 /* Heebo-ExtraBold.ttf */ = {isa = PBXFileReference; lastKnownFileType = file; path = "Heebo-ExtraBold.ttf"; sourceTree = "<group>"; };
		8390D05221E7DD640014F5A0 /* Heebo-Light.ttf */ = {isa = PBXFileReference; lastKnownFileType = file; path = "Heebo-Light.ttf"; sourceTree = "<group>"; };
		8390D05321E7DD640014F5A0 /* Heebo-Bold.ttf */ = {isa = PBXFileReference; lastKnownFileType = file; path = "Heebo-Bold.ttf"; sourceTree = "<group>"; };
		8390D05421E7DD640014F5A0 /* Heebo-Regular.ttf */ = {isa = PBXFileReference; lastKnownFileType = file; path = "Heebo-Regular.ttf"; sourceTree = "<group>"; };
		8390D05521E7DD640014F5A0 /* Heebo-Black.ttf */ = {isa = PBXFileReference; lastKnownFileType = file; path = "Heebo-Black.ttf"; sourceTree = "<group>"; };
		8390D06021E81EF40014F5A0 /* ABOVE.ttf */ = {isa = PBXFileReference; lastKnownFileType = file; path = ABOVE.ttf; sourceTree = "<group>"; };
		8390D06221E8203B0014F5A0 /* Quite Magical - TTF.ttf */ = {isa = PBXFileReference; lastKnownFileType = file; path = "Quite Magical - TTF.ttf"; sourceTree = "<group>"; };
		8390D06421E822D50014F5A0 /* settingsViewController.swift */ = {isa = PBXFileReference; lastKnownFileType = sourcecode.swift; path = settingsViewController.swift; sourceTree = "<group>"; };
		83ACAB5B21E83356004A915C /* global.swift */ = {isa = PBXFileReference; lastKnownFileType = sourcecode.swift; path = global.swift; sourceTree = "<group>"; };
/* End PBXFileReference section */

/* Begin PBXFrameworksBuildPhase section */
		8390CFE021E6B6690014F5A0 /* Frameworks */ = {
			isa = PBXFrameworksBuildPhase;
			buildActionMask = 2147483647;
			files = (
			);
			runOnlyForDeploymentPostprocessing = 0;
		};
		8390CFF421E6B66B0014F5A0 /* Frameworks */ = {
			isa = PBXFrameworksBuildPhase;
			buildActionMask = 2147483647;
			files = (
			);
			runOnlyForDeploymentPostprocessing = 0;
		};
		8390CFFF21E6B66B0014F5A0 /* Frameworks */ = {
			isa = PBXFrameworksBuildPhase;
			buildActionMask = 2147483647;
			files = (
			);
			runOnlyForDeploymentPostprocessing = 0;
		};
/* End PBXFrameworksBuildPhase section */

/* Begin PBXGroup section */
		8390CFDA21E6B6690014F5A0 = {
			isa = PBXGroup;
			children = (
				8390CFE521E6B6690014F5A0 /* tip calculator */,
				8390CFFA21E6B66B0014F5A0 /* tip calculatorTests */,
				8390D00521E6B66B0014F5A0 /* tip calculatorUITests */,
				8390CFE421E6B6690014F5A0 /* Products */,
			);
			sourceTree = "<group>";
		};
		8390CFE421E6B6690014F5A0 /* Products */ = {
			isa = PBXGroup;
			children = (
				8390CFE321E6B6690014F5A0 /* tip calculator.app */,
				8390CFF721E6B66B0014F5A0 /* tip calculatorTests.xctest */,
				8390D00221E6B66B0014F5A0 /* tip calculatorUITests.xctest */,
			);
			name = Products;
			sourceTree = "<group>";
		};
		8390CFE521E6B6690014F5A0 /* tip calculator */ = {
			isa = PBXGroup;
			children = (
				8390D04E21E7DCF80014F5A0 /* Fonts */,
				8390CFE621E6B6690014F5A0 /* AppDelegate.swift */,
				8390CFE821E6B6690014F5A0 /* ViewController.swift */,
				8390D06421E822D50014F5A0 /* settingsViewController.swift */,
				83ACAB5B21E83356004A915C /* global.swift */,
				8390CFEA21E6B6690014F5A0 /* Main.storyboard */,
				8390CFED21E6B66A0014F5A0 /* Assets.xcassets */,
				8390CFEF21E6B66A0014F5A0 /* LaunchScreen.storyboard */,
				8390CFF221E6B66A0014F5A0 /* Info.plist */,
			);
			path = "tip calculator";
			sourceTree = "<group>";
		};
		8390CFFA21E6B66B0014F5A0 /* tip calculatorTests */ = {
			isa = PBXGroup;
			children = (
				8390CFFB21E6B66B0014F5A0 /* tip_calculatorTests.swift */,
				8390CFFD21E6B66B0014F5A0 /* Info.plist */,
			);
			path = "tip calculatorTests";
			sourceTree = "<group>";
		};
		8390D00521E6B66B0014F5A0 /* tip calculatorUITests */ = {
			isa = PBXGroup;
			children = (
				8390D00621E6B66B0014F5A0 /* tip_calculatorUITests.swift */,
				8390D00821E6B66B0014F5A0 /* Info.plist */,
			);
			path = "tip calculatorUITests";
			sourceTree = "<group>";
		};
		8390D04E21E7DCF80014F5A0 /* Fonts */ = {
			isa = PBXGroup;
			children = (
				8390D06221E8203B0014F5A0 /* Quite Magical - TTF.ttf */,
				8390D06021E81EF40014F5A0 /* ABOVE.ttf */,
				8390D05521E7DD640014F5A0 /* Heebo-Black.ttf */,
				8390D05321E7DD640014F5A0 /* Heebo-Bold.ttf */,
				8390D05121E7DD630014F5A0 /* Heebo-ExtraBold.ttf */,
				8390D05221E7DD640014F5A0 /* Heebo-Light.ttf */,
				8390D05021E7DD630014F5A0 /* Heebo-Medium.ttf */,
				8390D05421E7DD640014F5A0 /* Heebo-Regular.ttf */,
				8390D04F21E7DD630014F5A0 /* Heebo-Thin.ttf */,
			);
			path = Fonts;
			sourceTree = "<group>";
		};
/* End PBXGroup section */

/* Begin PBXNativeTarget section */
		8390CFE221E6B6690014F5A0 /* tip calculator */ = {
			isa = PBXNativeTarget;
			buildConfigurationList = 8390D00B21E6B66B0014F5A0 /* Build configuration list for PBXNativeTarget "tip calculator" */;
			buildPhases = (
				8390CFDF21E6B6690014F5A0 /* Sources */,
				8390CFE021E6B6690014F5A0 /* Frameworks */,
				8390CFE121E6B6690014F5A0 /* Resources */,
			);
			buildRules = (
			);
			dependencies = (
			);
			name = "tip calculator";
			productName = "tip calculator";
			productReference = 8390CFE321E6B6690014F5A0 /* tip calculator.app */;
			productType = "com.apple.product-type.application";
		};
		8390CFF621E6B66B0014F5A0 /* tip calculatorTests */ = {
			isa = PBXNativeTarget;
			buildConfigurationList = 8390D00E21E6B66B0014F5A0 /* Build configuration list for PBXNativeTarget "tip calculatorTests" */;
			buildPhases = (
				8390CFF321E6B66B0014F5A0 /* Sources */,
				8390CFF421E6B66B0014F5A0 /* Frameworks */,
				8390CFF521E6B66B0014F5A0 /* Resources */,
			);
			buildRules = (
			);
			dependencies = (
				8390CFF921E6B66B0014F5A0 /* PBXTargetDependency */,
			);
			name = "tip calculatorTests";
			productName = "tip calculatorTests";
			productReference = 8390CFF721E6B66B0014F5A0 /* tip calculatorTests.xctest */;
			productType = "com.apple.product-type.bundle.unit-test";
		};
		8390D00121E6B66B0014F5A0 /* tip calculatorUITests */ = {
			isa = PBXNativeTarget;
			buildConfigurationList = 8390D01121E6B66B0014F5A0 /* Build configuration list for PBXNativeTarget "tip calculatorUITests" */;
			buildPhases = (
				8390CFFE21E6B66B0014F5A0 /* Sources */,
				8390CFFF21E6B66B0014F5A0 /* Frameworks */,
				8390D00021E6B66B0014F5A0 /* Resources */,
			);
			buildRules = (
			);
			dependencies = (
				8390D00421E6B66B0014F5A0 /* PBXTargetDependency */,
			);
			name = "tip calculatorUITests";
			productName = "tip calculatorUITests";
			productReference = 8390D00221E6B66B0014F5A0 /* tip calculatorUITests.xctest */;
			productType = "com.apple.product-type.bundle.ui-testing";
		};
/* End PBXNativeTarget section */

/* Begin PBXProject section */
		8390CFDB21E6B6690014F5A0 /* Project object */ = {
			isa = PBXProject;
			attributes = {
				LastSwiftUpdateCheck = 0940;
				LastUpgradeCheck = 0940;
				ORGANIZATIONNAME = YSYP;
				TargetAttributes = {
					8390CFE221E6B6690014F5A0 = {
						CreatedOnToolsVersion = 9.4;
					};
					8390CFF621E6B66B0014F5A0 = {
						CreatedOnToolsVersion = 9.4;
						TestTargetID = 8390CFE221E6B6690014F5A0;
					};
					8390D00121E6B66B0014F5A0 = {
						CreatedOnToolsVersion = 9.4;
						TestTargetID = 8390CFE221E6B6690014F5A0;
					};
				};
			};
			buildConfigurationList = 8390CFDE21E6B6690014F5A0 /* Build configuration list for PBXProject "tip calculator" */;
			compatibilityVersion = "Xcode 9.3";
			developmentRegion = en;
			hasScannedForEncodings = 0;
			knownRegions = (
				en,
				Base,
			);
			mainGroup = 8390CFDA21E6B6690014F5A0;
			productRefGroup = 8390CFE421E6B6690014F5A0 /* Products */;
			projectDirPath = "";
			projectRoot = "";
			targets = (
				8390CFE221E6B6690014F5A0 /* tip calculator */,
				8390CFF621E6B66B0014F5A0 /* tip calculatorTests */,
				8390D00121E6B66B0014F5A0 /* tip calculatorUITests */,
			);
		};
/* End PBXProject section */

/* Begin PBXResourcesBuildPhase section */
		8390CFE121E6B6690014F5A0 /* Resources */ = {
			isa = PBXResourcesBuildPhase;
			buildActionMask = 2147483647;
			files = (
				8390CFF121E6B66A0014F5A0 /* LaunchScreen.storyboard in Resources */,
				8390D06121E81EF40014F5A0 /* ABOVE.ttf in Resources */,
				8390D05721E7DD650014F5A0 /* Heebo-Medium.ttf in Resources */,
				8390D05621E7DD650014F5A0 /* Heebo-Thin.ttf in Resources */,
				8390D06321E8203B0014F5A0 /* Quite Magical - TTF.ttf in Resources */,
				8390D05A21E7DD650014F5A0 /* Heebo-Bold.ttf in Resources */,
				8390D05B21E7DD650014F5A0 /* Heebo-Regular.ttf in Resources */,
				8390CFEE21E6B66A0014F5A0 /* Assets.xcassets in Resources */,
				8390D05C21E7DD650014F5A0 /* Heebo-Black.ttf in Resources */,
				8390D05921E7DD650014F5A0 /* Heebo-Light.ttf in Resources */,
				8390D05821E7DD650014F5A0 /* Heebo-ExtraBold.ttf in Resources */,
				8390CFEC21E6B6690014F5A0 /* Main.storyboard in Resources */,
			);
			runOnlyForDeploymentPostprocessing = 0;
		};
		8390CFF521E6B66B0014F5A0 /* Resources */ = {
			isa = PBXResourcesBuildPhase;
			buildActionMask = 2147483647;
			files = (
			);
			runOnlyForDeploymentPostprocessing = 0;
		};
		8390D00021E6B66B0014F5A0 /* Resources */ = {
			isa = PBXResourcesBuildPhase;
			buildActionMask = 2147483647;
			files = (
			);
			runOnlyForDeploymentPostprocessing = 0;
		};
/* End PBXResourcesBuildPhase section */

/* Begin PBXSourcesBuildPhase section */
		8390CFDF21E6B6690014F5A0 /* Sources */ = {
			isa = PBXSourcesBuildPhase;
			buildActionMask = 2147483647;
			files = (
				83ACAB5C21E83356004A915C /* global.swift in Sources */,
				8390CFE921E6B6690014F5A0 /* ViewController.swift in Sources */,
				8390CFE721E6B6690014F5A0 /* AppDelegate.swift in Sources */,
				8390D06521E822D50014F5A0 /* settingsViewController.swift in Sources */,
			);
			runOnlyForDeploymentPostprocessing = 0;
		};
		8390CFF321E6B66B0014F5A0 /* Sources */ = {
			isa = PBXSourcesBuildPhase;
			buildActionMask = 2147483647;
			files = (
				8390CFFC21E6B66B0014F5A0 /* tip_calculatorTests.swift in Sources */,
			);
			runOnlyForDeploymentPostprocessing = 0;
		};
		8390CFFE21E6B66B0014F5A0 /* Sources */ = {
			isa = PBXSourcesBuildPhase;
			buildActionMask = 2147483647;
			files = (
				8390D00721E6B66B0014F5A0 /* tip_calculatorUITests.swift in Sources */,
			);
			runOnlyForDeploymentPostprocessing = 0;
		};
/* End PBXSourcesBuildPhase section */

/* Begin PBXTargetDependency section */
		8390CFF921E6B66B0014F5A0 /* PBXTargetDependency */ = {
			isa = PBXTargetDependency;
			target = 8390CFE221E6B6690014F5A0 /* tip calculator */;
			targetProxy = 8390CFF821E6B66B0014F5A0 /* PBXContainerItemProxy */;
		};
		8390D00421E6B66B0014F5A0 /* PBXTargetDependency */ = {
			isa = PBXTargetDependency;
			target = 8390CFE221E6B6690014F5A0 /* tip calculator */;
			targetProxy = 8390D00321E6B66B0014F5A0 /* PBXContainerItemProxy */;
		};
/* End PBXTargetDependency section */

/* Begin PBXVariantGroup section */
		8390CFEA21E6B6690014F5A0 /* Main.storyboard */ = {
			isa = PBXVariantGroup;
			children = (
				8390CFEB21E6B6690014F5A0 /* Base */,
			);
			name = Main.storyboard;
			sourceTree = "<group>";
		};
		8390CFEF21E6B66A0014F5A0 /* LaunchScreen.storyboard */ = {
			isa = PBXVariantGroup;
			children = (
				8390CFF021E6B66A0014F5A0 /* Base */,
			);
			name = LaunchScreen.storyboard;
			sourceTree = "<group>";
		};
/* End PBXVariantGroup section */

/* Begin XCBuildConfiguration section */
		8390D00921E6B66B0014F5A0 /* Debug */ = {
			isa = XCBuildConfiguration;
			buildSettings = {
				ALWAYS_SEARCH_USER_PATHS = NO;
				CLANG_ANALYZER_NONNULL = YES;
				CLANG_ANALYZER_NUMBER_OBJECT_CONVERSION = YES_AGGRESSIVE;
				CLANG_CXX_LANGUAGE_STANDARD = "gnu++14";
				CLANG_CXX_LIBRARY = "libc++";
				CLANG_ENABLE_MODULES = YES;
				CLANG_ENABLE_OBJC_ARC = YES;
				CLANG_ENABLE_OBJC_WEAK = YES;
				CLANG_WARN_BLOCK_CAPTURE_AUTORELEASING = YES;
				CLANG_WARN_BOOL_CONVERSION = YES;
				CLANG_WARN_COMMA = YES;
				CLANG_WARN_CONSTANT_CONVERSION = YES;
				CLANG_WARN_DEPRECATED_OBJC_IMPLEMENTATIONS = YES;
				CLANG_WARN_DIRECT_OBJC_ISA_USAGE = YES_ERROR;
				CLANG_WARN_DOCUMENTATION_COMMENTS = YES;
				CLANG_WARN_EMPTY_BODY = YES;
				CLANG_WARN_ENUM_CONVERSION = YES;
				CLANG_WARN_INFINITE_RECURSION = YES;
				CLANG_WARN_INT_CONVERSION = YES;
				CLANG_WARN_NON_LITERAL_NULL_CONVERSION = YES;
				CLANG_WARN_OBJC_IMPLICIT_RETAIN_SELF = YES;
				CLANG_WARN_OBJC_LITERAL_CONVERSION = YES;
				CLANG_WARN_OBJC_ROOT_CLASS = YES_ERROR;
				CLANG_WARN_RANGE_LOOP_ANALYSIS = YES;
				CLANG_WARN_STRICT_PROTOTYPES = YES;
				CLANG_WARN_SUSPICIOUS_MOVE = YES;
				CLANG_WARN_UNGUARDED_AVAILABILITY = YES_AGGRESSIVE;
				CLANG_WARN_UNREACHABLE_CODE = YES;
				CLANG_WARN__DUPLICATE_METHOD_MATCH = YES;
				CODE_SIGN_IDENTITY = "iPhone Developer";
				COPY_PHASE_STRIP = NO;
				DEBUG_INFORMATION_FORMAT = dwarf;
				ENABLE_STRICT_OBJC_MSGSEND = YES;
				ENABLE_TESTABILITY = YES;
				GCC_C_LANGUAGE_STANDARD = gnu11;
				GCC_DYNAMIC_NO_PIC = NO;
				GCC_NO_COMMON_BLOCKS = YES;
				GCC_OPTIMIZATION_LEVEL = 0;
				GCC_PREPROCESSOR_DEFINITIONS = (
					"DEBUG=1",
					"$(inherited)",
				);
				GCC_WARN_64_TO_32_BIT_CONVERSION = YES;
				GCC_WARN_ABOUT_RETURN_TYPE = YES_ERROR;
				GCC_WARN_UNDECLARED_SELECTOR = YES;
				GCC_WARN_UNINITIALIZED_AUTOS = YES_AGGRESSIVE;
				GCC_WARN_UNUSED_FUNCTION = YES;
				GCC_WARN_UNUSED_VARIABLE = YES;
				IPHONEOS_DEPLOYMENT_TARGET = 11.4;
				MTL_ENABLE_DEBUG_INFO = YES;
				ONLY_ACTIVE_ARCH = YES;
				SDKROOT = iphoneos;
				SWIFT_ACTIVE_COMPILATION_CONDITIONS = DEBUG;
				SWIFT_OPTIMIZATION_LEVEL = "-Onone";
			};
			name = Debug;
		};
		8390D00A21E6B66B0014F5A0 /* Release */ = {
			isa = XCBuildConfiguration;
			buildSettings = {
				ALWAYS_SEARCH_USER_PATHS = NO;
				CLANG_ANALYZER_NONNULL = YES;
				CLANG_ANALYZER_NUMBER_OBJECT_CONVERSION = YES_AGGRESSIVE;
				CLANG_CXX_LANGUAGE_STANDARD = "gnu++14";
				CLANG_CXX_LIBRARY = "libc++";
				CLANG_ENABLE_MODULES = YES;
				CLANG_ENABLE_OBJC_ARC = YES;
				CLANG_ENABLE_OBJC_WEAK = YES;
				CLANG_WARN_BLOCK_CAPTURE_AUTORELEASING = YES;
				CLANG_WARN_BOOL_CONVERSION = YES;
				CLANG_WARN_COMMA = YES;
				CLANG_WARN_CONSTANT_CONVERSION = YES;
				CLANG_WARN_DEPRECATED_OBJC_IMPLEMENTATIONS = YES;
				CLANG_WARN_DIRECT_OBJC_ISA_USAGE = YES_ERROR;
				CLANG_WARN_DOCUMENTATION_COMMENTS = YES;
				CLANG_WARN_EMPTY_BODY = YES;
				CLANG_WARN_ENUM_CONVERSION = YES;
				CLANG_WARN_INFINITE_RECURSION = YES;
				CLANG_WARN_INT_CONVERSION = YES;
				CLANG_WARN_NON_LITERAL_NULL_CONVERSION = YES;
				CLANG_WARN_OBJC_IMPLICIT_RETAIN_SELF = YES;
				CLANG_WARN_OBJC_LITERAL_CONVERSION = YES;
				CLANG_WARN_OBJC_ROOT_CLASS = YES_ERROR;
				CLANG_WARN_RANGE_LOOP_ANALYSIS = YES;
				CLANG_WARN_STRICT_PROTOTYPES = YES;
				CLANG_WARN_SUSPICIOUS_MOVE = YES;
				CLANG_WARN_UNGUARDED_AVAILABILITY = YES_AGGRESSIVE;
				CLANG_WARN_UNREACHABLE_CODE = YES;
				CLANG_WARN__DUPLICATE_METHOD_MATCH = YES;
				CODE_SIGN_IDENTITY = "iPhone Developer";
				COPY_PHASE_STRIP = NO;
				DEBUG_INFORMATION_FORMAT = "dwarf-with-dsym";
				ENABLE_NS_ASSERTIONS = NO;
				ENABLE_STRICT_OBJC_MSGSEND = YES;
				GCC_C_LANGUAGE_STANDARD = gnu11;
				GCC_NO_COMMON_BLOCKS = YES;
				GCC_WARN_64_TO_32_BIT_CONVERSION = YES;
				GCC_WARN_ABOUT_RETURN_TYPE = YES_ERROR;
				GCC_WARN_UNDECLARED_SELECTOR = YES;
				GCC_WARN_UNINITIALIZED_AUTOS = YES_AGGRESSIVE;
				GCC_WARN_UNUSED_FUNCTION = YES;
				GCC_WARN_UNUSED_VARIABLE = YES;
				IPHONEOS_DEPLOYMENT_TARGET = 11.4;
				MTL_ENABLE_DEBUG_INFO = NO;
				SDKROOT = iphoneos;
				SWIFT_COMPILATION_MODE = wholemodule;
				SWIFT_OPTIMIZATION_LEVEL = "-O";
				VALIDATE_PRODUCT = YES;
			};
			name = Release;
		};
		8390D00C21E6B66B0014F5A0 /* Debug */ = {
			isa = XCBuildConfiguration;
			buildSettings = {
				ASSETCATALOG_COMPILER_APPICON_NAME = AppIcon;
				CODE_SIGN_STYLE = Automatic;
				DEVELOPMENT_TEAM = WVUX7X2RG6;
				INFOPLIST_FILE = "tip calculator/Info.plist";
				LD_RUNPATH_SEARCH_PATHS = (
					"$(inherited)",
					"@executable_path/Frameworks",
				);
				PRODUCT_BUNDLE_IDENTIFIER = "YSYP.tip-calculator";
				PRODUCT_NAME = "$(TARGET_NAME)";
				SWIFT_VERSION = 4.0;
				TARGETED_DEVICE_FAMILY = "1,2";
			};
			name = Debug;
		};
		8390D00D21E6B66B0014F5A0 /* Release */ = {
			isa = XCBuildConfiguration;
			buildSettings = {
				ASSETCATALOG_COMPILER_APPICON_NAME = AppIcon;
				CODE_SIGN_STYLE = Automatic;
				DEVELOPMENT_TEAM = WVUX7X2RG6;
				INFOPLIST_FILE = "tip calculator/Info.plist";
				LD_RUNPATH_SEARCH_PATHS = (
					"$(inherited)",
					"@executable_path/Frameworks",
				);
				PRODUCT_BUNDLE_IDENTIFIER = "YSYP.tip-calculator";
				PRODUCT_NAME = "$(TARGET_NAME)";
				SWIFT_VERSION = 4.0;
				TARGETED_DEVICE_FAMILY = "1,2";
			};
			name = Release;
		};
		8390D00F21E6B66B0014F5A0 /* Debug */ = {
			isa = XCBuildConfiguration;
			buildSettings = {
				ALWAYS_EMBED_SWIFT_STANDARD_LIBRARIES = YES;
				BUNDLE_LOADER = "$(TEST_HOST)";
				CODE_SIGN_STYLE = Automatic;
				DEVELOPMENT_TEAM = KPJ97BZ7MV;
				INFOPLIST_FILE = "tip calculatorTests/Info.plist";
				LD_RUNPATH_SEARCH_PATHS = (
					"$(inherited)",
					"@executable_path/Frameworks",
					"@loader_path/Frameworks",
				);
				PRODUCT_BUNDLE_IDENTIFIER = "YSYP.tip-calculatorTests";
				PRODUCT_NAME = "$(TARGET_NAME)";
				SWIFT_VERSION = 4.0;
				TARGETED_DEVICE_FAMILY = "1,2";
				TEST_HOST = "$(BUILT_PRODUCTS_DIR)/tip calculator.app/tip calculator";
			};
			name = Debug;
		};
		8390D01021E6B66B0014F5A0 /* Release */ = {
			isa = XCBuildConfiguration;
			buildSettings = {
				ALWAYS_EMBED_SWIFT_STANDARD_LIBRARIES = YES;
				BUNDLE_LOADER = "$(TEST_HOST)";
				CODE_SIGN_STYLE = Automatic;
				DEVELOPMENT_TEAM = KPJ97BZ7MV;
				INFOPLIST_FILE = "tip calculatorTests/Info.plist";
				LD_RUNPATH_SEARCH_PATHS = (
					"$(inherited)",
					"@executable_path/Frameworks",
					"@loader_path/Frameworks",
				);
				PRODUCT_BUNDLE_IDENTIFIER = "YSYP.tip-calculatorTests";
				PRODUCT_NAME = "$(TARGET_NAME)";
				SWIFT_VERSION = 4.0;
				TARGETED_DEVICE_FAMILY = "1,2";
				TEST_HOST = "$(BUILT_PRODUCTS_DIR)/tip calculator.app/tip calculator";
			};
			name = Release;
		};
		8390D01221E6B66B0014F5A0 /* Debug */ = {
			isa = XCBuildConfiguration;
			buildSettings = {
				ALWAYS_EMBED_SWIFT_STANDARD_LIBRARIES = YES;
				CODE_SIGN_STYLE = Automatic;
				DEVELOPMENT_TEAM = KPJ97BZ7MV;
				INFOPLIST_FILE = "tip calculatorUITests/Info.plist";
				LD_RUNPATH_SEARCH_PATHS = (
					"$(inherited)",
					"@executable_path/Frameworks",
					"@loader_path/Frameworks",
				);
				PRODUCT_BUNDLE_IDENTIFIER = "YSYP.tip-calculatorUITests";
				PRODUCT_NAME = "$(TARGET_NAME)";
				SWIFT_VERSION = 4.0;
				TARGETED_DEVICE_FAMILY = "1,2";
				TEST_TARGET_NAME = "tip calculator";
			};
			name = Debug;
		};
		8390D01321E6B66B0014F5A0 /* Release */ = {
			isa = XCBuildConfiguration;
			buildSettings = {
				ALWAYS_EMBED_SWIFT_STANDARD_LIBRARIES = YES;
				CODE_SIGN_STYLE = Automatic;
				DEVELOPMENT_TEAM = KPJ97BZ7MV;
				INFOPLIST_FILE = "tip calculatorUITests/Info.plist";
				LD_RUNPATH_SEARCH_PATHS = (
					"$(inherited)",
					"@executable_path/Frameworks",
					"@loader_path/Frameworks",
				);
				PRODUCT_BUNDLE_IDENTIFIER = "YSYP.tip-calculatorUITests";
				PRODUCT_NAME = "$(TARGET_NAME)";
				SWIFT_VERSION = 4.0;
				TARGETED_DEVICE_FAMILY = "1,2";
				TEST_TARGET_NAME = "tip calculator";
			};
			name = Release;
		};
/* End XCBuildConfiguration section */

/* Begin XCConfigurationList section */
		8390CFDE21E6B6690014F5A0 /* Build configuration list for PBXProject "tip calculator" */ = {
			isa = XCConfigurationList;
			buildConfigurations = (
				8390D00921E6B66B0014F5A0 /* Debug */,
				8390D00A21E6B66B0014F5A0 /* Release */,
			);
			defaultConfigurationIsVisible = 0;
			defaultConfigurationName = Release;
		};
		8390D00B21E6B66B0014F5A0 /* Build configuration list for PBXNativeTarget "tip calculator" */ = {
			isa = XCConfigurationList;
			buildConfigurations = (
				8390D00C21E6B66B0014F5A0 /* Debug */,
				8390D00D21E6B66B0014F5A0 /* Release */,
			);
			defaultConfigurationIsVisible = 0;
			defaultConfigurationName = Release;
		};
		8390D00E21E6B66B0014F5A0 /* Build configuration list for PBXNativeTarget "tip calculatorTests" */ = {
			isa = XCConfigurationList;
			buildConfigurations = (
				8390D00F21E6B66B0014F5A0 /* Debug */,
				8390D01021E6B66B0014F5A0 /* Release */,
			);
			defaultConfigurationIsVisible = 0;
			defaultConfigurationName = Release;
		};
		8390D01121E6B66B0014F5A0 /* Build configuration list for PBXNativeTarget "tip calculatorUITests" */ = {
			isa = XCConfigurationList;
			buildConfigurations = (
				8390D01221E6B66B0014F5A0 /* Debug */,
				8390D01321E6B66B0014F5A0 /* Release */,
			);
			defaultConfigurationIsVisible = 0;
			defaultConfigurationName = Release;
		};
/* End XCConfigurationList section */
	};
	rootObject = 8390CFDB21E6B6690014F5A0 /* Project object */;
}
